
Microsoft Visual Studio Solution File, Format Version 12.00
# Visual Studio Version 16
VisualStudioVersion = 16.0.29920.165
MinimumVisualStudioVersion = 10.0.40219.1
Project("{FAE04EC0-301F-11D3-BF4B-00C04F79EFBC}") = "Services", "Services\Services.csproj", "{76BA3070-9586-43F9-B19A-9A07DAE04255}"
EndProject
Project("{FAE04EC0-301F-11D3-BF4B-00C04F79EFBC}") = "Tests", "Tests\Tests.csproj", "{5D9914C5-5929-4777-AC23-30D391E0AE94}"
EndProject
Global
	GlobalSection(SolutionConfigurationPlatforms) = preSolution
		Debug|Any CPU = Debug|Any CPU
		Release|Any CPU = Release|Any CPU
	EndGlobalSection
	GlobalSection(ProjectConfigurationPlatforms) = postSolution
		{76BA3070-9586-43F9-B19A-9A07DAE04255}.Debug|Any CPU.ActiveCfg = Debug|Any CPU
		{76BA3070-9586-43F9-B19A-9A07DAE04255}.Debug|Any CPU.Build.0 = Debug|Any CPU
		{76BA3070-9586-43F9-B19A-9A07DAE04255}.Release|Any CPU.ActiveCfg = Release|Any CPU
		{76BA3070-9586-43F9-B19A-9A07DAE04255}.Release|Any CPU.Build.0 = Release|Any CPU
		{5D9914C5-5929-4777-AC23-30D391E0AE94}.Debug|Any CPU.ActiveCfg = Debug|Any CPU
		{5D9914C5-5929-4777-AC23-30D391E0AE94}.Debug|Any CPU.Build.0 = Debug|Any CPU
		{5D9914C5-5929-4777-AC23-30D391E0AE94}.Release|Any CPU.ActiveCfg = Release|Any CPU
		{5D9914C5-5929-4777-AC23-30D391E0AE94}.Release|Any CPU.Build.0 = Release|Any CPU
	EndGlobalSection
	GlobalSection(SolutionProperties) = preSolution
		HideSolutionNode = FALSE
	EndGlobalSection
	GlobalSection(ExtensibilityGlobals) = postSolution
		SolutionGuid = {421AEFB3-A333-4DDA-B252-9C595FE0002D}
	EndGlobalSection
EndGlobal
